{
  "version": 4,
  "terraform_version": "1.9.8",
  "serial": 103,
  "lineage": "9801e5d4-8f39-a52a-4fbd-50512ae42326",
  "outputs": {
    "container_group_fqdn": {
      "value": "aci-label.apfqghb3cbfceedy.swedencentral.azurecontainer.io",
      "type": "string"
    },
    "container_group_ip": {
      "value": "9.223.57.233",
      "type": "string"
    }
  },
  "resources": [
    {
      "mode": "managed",
      "type": "azurerm_container_group",
      "name": "olearn",
      "provider": "provider[\"registry.terraform.io/hashicorp/azurerm\"]",
      "instances": [
        {
          "schema_version": 0,
          "attributes": {
            "container": [
              {
                "commands": [],
                "cpu": 1,
                "cpu_limit": 0,
                "environment_variables": {
                  "PREDICT_FLOWER_URL": "http://localhost:8888/predict",
                  "STORAGE_ACCOUNT_NAME": "samikkoolearn",
                  "STORAGE_BLOB_URL": "https://samikkoolearn.blob.core.windows.net/",
                  "STORAGE_CONTAINER": "st-mikko-olearn",
                  "STORAGE_QUEUE": "sq-mikko-olearn",
                  "STORAGE_QUEUE_URL": "https://samikkoolearn.queue.core.windows.net/",
                  "USE_AZURE_CREDENTIAL": "false"
                },
                "gpu": [],
                "gpu_limit": [],
                "image": "crmikkoolearn.azurecr.io/flowerui:1.0",
                "liveness_probe": [],
                "memory": 1,
                "memory_limit": 0,
                "name": "flowerui",
                "ports": [
                  {
                    "port": 80,
                    "protocol": "TCP"
                  }
                ],
                "readiness_probe": [],
                "secure_environment_variables": {
                  "STORAGE_CONNECTION_STRING": "DefaultEndpointsProtocol=https;AccountName=samikkoolearn;AccountKey=hPRNTExGzKp7yBdQh/4Cl+VV5wgFfxNu1bDRyTbcz3P0NqIwmviSBv0BOEPMTt7aZpTi3aS/m2uw+AStMYr5JA==;EndpointSuffix=core.windows.net"
                },
                "security": [],
                "volume": []
              },
              {
                "commands": [],
                "cpu": 1,
                "cpu_limit": 0,
                "environment_variables": {
                  "STORAGE_ACCOUNT_NAME": "samikkoolearn",
                  "STORAGE_BLOB_URL": "https://samikkoolearn.blob.core.windows.net/",
                  "STORAGE_CONTAINER": "st-mikko-olearn",
                  "STORAGE_QUEUE": "sq-mikko-olearn",
                  "STORAGE_QUEUE_URL": "https://samikkoolearn.queue.core.windows.net/",
                  "USE_AZURE_CREDENTIAL": "false"
                },
                "gpu": [],
                "gpu_limit": [],
                "image": "crmikkoolearn.azurecr.io/predictflower:1.0",
                "liveness_probe": [],
                "memory": 1,
                "memory_limit": 0,
                "name": "predictflower",
                "ports": [
                  {
                    "port": 8888,
                    "protocol": "TCP"
                  }
                ],
                "readiness_probe": [],
                "secure_environment_variables": {
                  "STORAGE_CONNECTION_STRING": "DefaultEndpointsProtocol=https;AccountName=samikkoolearn;AccountKey=hPRNTExGzKp7yBdQh/4Cl+VV5wgFfxNu1bDRyTbcz3P0NqIwmviSBv0BOEPMTt7aZpTi3aS/m2uw+AStMYr5JA==;EndpointSuffix=core.windows.net"
                },
                "security": [],
                "volume": []
              },
              {
                "commands": [],
                "cpu": 2,
                "cpu_limit": 0,
                "environment_variables": {
                  "STORAGE_ACCOUNT_NAME": "samikkoolearn",
                  "STORAGE_BLOB_URL": "https://samikkoolearn.blob.core.windows.net/",
                  "STORAGE_CONTAINER": "st-mikko-olearn",
                  "STORAGE_QUEUE": "sq-mikko-olearn",
                  "STORAGE_QUEUE_URL": "https://samikkoolearn.queue.core.windows.net/",
                  "USE_AZURE_CREDENTIAL": "false"
                },
                "gpu": [],
                "gpu_limit": [],
                "image": "crmikkoolearn.azurecr.io/modeller:1.0",
                "liveness_probe": [],
                "memory": 6,
                "memory_limit": 0,
                "name": "modeller",
                "ports": [],
                "readiness_probe": [],
                "secure_environment_variables": {
                  "STORAGE_CONNECTION_STRING": "DefaultEndpointsProtocol=https;AccountName=samikkoolearn;AccountKey=hPRNTExGzKp7yBdQh/4Cl+VV5wgFfxNu1bDRyTbcz3P0NqIwmviSBv0BOEPMTt7aZpTi3aS/m2uw+AStMYr5JA==;EndpointSuffix=core.windows.net"
                },
                "security": [],
                "volume": []
              }
            ],
            "diagnostics": [],
            "dns_config": [],
            "dns_name_label": "aci-label",
            "dns_name_label_reuse_policy": "ResourceGroupReuse",
            "exposed_port": [
              {
                "port": 80,
                "protocol": "TCP"
              },
              {
                "port": 8888,
                "protocol": "TCP"
              }
            ],
            "fqdn": "aci-label.apfqghb3cbfceedy.swedencentral.azurecontainer.io",
            "id": "/subscriptions/a012e51c-025b-49cd-a3f6-0fb389f009d1/resourceGroups/rg-mikko-olearn/providers/Microsoft.ContainerInstance/containerGroups/ci-mikko-olearn",
            "identity": [
              {
                "identity_ids": null,
                "principal_id": "32a37f26-b69b-4221-b5a7-b9d24191ad29",
                "tenant_id": "5b59d994-1032-4fbc-8705-36544c6e0edb",
                "type": "SystemAssigned"
              }
            ],
            "image_registry_credential": [],
            "init_container": [],
            "ip_address": "9.223.57.233",
            "ip_address_type": "Public",
            "key_vault_key_id": null,
            "key_vault_user_assigned_identity_id": null,
            "location": "swedencentral",
            "name": "ci-mikko-olearn",
            "network_profile_id": null,
            "os_type": "Linux",
            "priority": "",
            "resource_group_name": "rg-mikko-olearn",
            "restart_policy": "OnFailure",
            "sku": "Standard",
            "subnet_ids": null,
            "tags": {
              "CostCenter": "1020",
              "Course": "TT00CC66-3002",
              "Environment": "student",
              "Owner": "KAMK"
            },
            "timeouts": null,
            "zones": null
          },
          "sensitive_attributes": [
            [
              {
                "type": "get_attr",
                "value": "container"
              },
              {
                "type": "index",
                "value": {
                  "value": 0,
                  "type": "number"
                }
              },
              {
                "type": "get_attr",
                "value": "secure_environment_variables"
              }
            ],
            [
              {
                "type": "get_attr",
                "value": "container"
              },
              {
                "type": "index",
                "value": {
                  "value": 0,
                  "type": "number"
                }
              },
              {
                "type": "get_attr",
                "value": "secure_environment_variables"
              },
              {
                "type": "index",
                "value": {
                  "value": "STORAGE_CONNECTION_STRING",
                  "type": "string"
                }
              }
            ],
            [
              {
                "type": "get_attr",
                "value": "container"
              },
              {
                "type": "index",
                "value": {
                  "value": 1,
                  "type": "number"
                }
              },
              {
                "type": "get_attr",
                "value": "secure_environment_variables"
              }
            ],
            [
              {
                "type": "get_attr",
                "value": "container"
              },
              {
                "type": "index",
                "value": {
                  "value": 1,
                  "type": "number"
                }
              },
              {
                "type": "get_attr",
                "value": "secure_environment_variables"
              },
              {
                "type": "index",
                "value": {
                  "value": "STORAGE_CONNECTION_STRING",
                  "type": "string"
                }
              }
            ],
            [
              {
                "type": "get_attr",
                "value": "container"
              },
              {
                "type": "index",
                "value": {
                  "value": 2,
                  "type": "number"
                }
              },
              {
                "type": "get_attr",
                "value": "secure_environment_variables"
              }
            ],
            [
              {
                "type": "get_attr",
                "value": "container"
              },
              {
                "type": "index",
                "value": {
                  "value": 2,
                  "type": "number"
                }
              },
              {
                "type": "get_attr",
                "value": "secure_environment_variables"
              },
              {
                "type": "index",
                "value": {
                  "value": "STORAGE_CONNECTION_STRING",
                  "type": "string"
                }
              }
            ]
          ],
          "private": "eyJlMmJmYjczMC1lY2FhLTExZTYtOGY4OC0zNDM2M2JjN2M0YzAiOnsiY3JlYXRlIjozNjAwMDAwMDAwMDAwLCJkZWxldGUiOjE4MDAwMDAwMDAwMDAsInJlYWQiOjMwMDAwMDAwMDAwMCwidXBkYXRlIjoxODAwMDAwMDAwMDAwfX0=",
          "dependencies": [
            "azurerm_resource_group.olearn",
            "azurerm_storage_account.olearn",
            "azurerm_storage_blob.dataset",
            "azurerm_storage_blob.model",
            "azurerm_storage_container.olearn",
            "azurerm_storage_queue.olearn"
          ]
        }
      ]
    },
    {
      "mode": "managed",
      "type": "azurerm_resource_group",
      "name": "olearn",
      "provider": "provider[\"registry.terraform.io/hashicorp/azurerm\"]",
      "instances": [
        {
          "schema_version": 0,
          "attributes": {
            "id": "/subscriptions/a012e51c-025b-49cd-a3f6-0fb389f009d1/resourceGroups/rg-mikko-olearn",
            "location": "swedencentral",
            "managed_by": "",
            "name": "rg-mikko-olearn",
            "tags": {
              "CostCenter": "1020",
              "Course": "TT00CC66-3002",
              "Environment": "student",
              "Owner": "KAMK"
            },
            "timeouts": null
          },
          "sensitive_attributes": [],
          "private": "eyJlMmJmYjczMC1lY2FhLTExZTYtOGY4OC0zNDM2M2JjN2M0YzAiOnsiY3JlYXRlIjo1NDAwMDAwMDAwMDAwLCJkZWxldGUiOjU0MDAwMDAwMDAwMDAsInJlYWQiOjMwMDAwMDAwMDAwMCwidXBkYXRlIjo1NDAwMDAwMDAwMDAwfX0="
        }
      ]
    },
    {
      "mode": "managed",
      "type": "azurerm_storage_account",
      "name": "olearn",
      "provider": "provider[\"registry.terraform.io/hashicorp/azurerm\"]",
      "instances": [
        {
          "schema_version": 4,
          "attributes": {
            "access_tier": "Hot",
            "account_kind": "StorageV2",
            "account_replication_type": "LRS",
            "account_tier": "Standard",
            "allow_nested_items_to_be_public": true,
            "allowed_copy_scope": "",
            "azure_files_authentication": [],
            "blob_properties": [
              {
                "change_feed_enabled": false,
                "change_feed_retention_in_days": 0,
                "container_delete_retention_policy": [],
                "cors_rule": [],
                "default_service_version": "",
                "delete_retention_policy": [],
                "last_access_time_enabled": false,
                "restore_policy": [],
                "versioning_enabled": false
              }
            ],
            "cross_tenant_replication_enabled": true,
            "custom_domain": [],
            "customer_managed_key": [],
            "default_to_oauth_authentication": false,
            "dns_endpoint_type": "Standard",
            "edge_zone": "",
            "enable_https_traffic_only": true,
            "https_traffic_only_enabled": true,
            "id": "/subscriptions/a012e51c-025b-49cd-a3f6-0fb389f009d1/resourceGroups/rg-mikko-olearn/providers/Microsoft.Storage/storageAccounts/samikkoolearn",
            "identity": [],
            "immutability_policy": [],
            "infrastructure_encryption_enabled": false,
            "is_hns_enabled": false,
            "large_file_share_enabled": false,
            "local_user_enabled": true,
            "location": "swedencentral",
            "min_tls_version": "TLS1_2",
            "name": "samikkoolearn",
            "network_rules": [],
            "nfsv3_enabled": false,
            "primary_access_key": "hPRNTExGzKp7yBdQh/4Cl+VV5wgFfxNu1bDRyTbcz3P0NqIwmviSBv0BOEPMTt7aZpTi3aS/m2uw+AStMYr5JA==",
            "primary_blob_connection_string": "DefaultEndpointsProtocol=https;BlobEndpoint=https://samikkoolearn.blob.core.windows.net/;AccountName=samikkoolearn;AccountKey=hPRNTExGzKp7yBdQh/4Cl+VV5wgFfxNu1bDRyTbcz3P0NqIwmviSBv0BOEPMTt7aZpTi3aS/m2uw+AStMYr5JA==",
            "primary_blob_endpoint": "https://samikkoolearn.blob.core.windows.net/",
            "primary_blob_host": "samikkoolearn.blob.core.windows.net",
            "primary_blob_internet_endpoint": "",
            "primary_blob_internet_host": "",
            "primary_blob_microsoft_endpoint": "",
            "primary_blob_microsoft_host": "",
            "primary_connection_string": "DefaultEndpointsProtocol=https;AccountName=samikkoolearn;AccountKey=hPRNTExGzKp7yBdQh/4Cl+VV5wgFfxNu1bDRyTbcz3P0NqIwmviSBv0BOEPMTt7aZpTi3aS/m2uw+AStMYr5JA==;EndpointSuffix=core.windows.net",
            "primary_dfs_endpoint": "https://samikkoolearn.dfs.core.windows.net/",
            "primary_dfs_host": "samikkoolearn.dfs.core.windows.net",
            "primary_dfs_internet_endpoint": "",
            "primary_dfs_internet_host": "",
            "primary_dfs_microsoft_endpoint": "",
            "primary_dfs_microsoft_host": "",
            "primary_file_endpoint": "https://samikkoolearn.file.core.windows.net/",
            "primary_file_host": "samikkoolearn.file.core.windows.net",
            "primary_file_internet_endpoint": "",
            "primary_file_internet_host": "",
            "primary_file_microsoft_endpoint": "",
            "primary_file_microsoft_host": "",
            "primary_location": "swedencentral",
            "primary_queue_endpoint": "https://samikkoolearn.queue.core.windows.net/",
            "primary_queue_host": "samikkoolearn.queue.core.windows.net",
            "primary_queue_microsoft_endpoint": "",
            "primary_queue_microsoft_host": "",
            "primary_table_endpoint": "https://samikkoolearn.table.core.windows.net/",
            "primary_table_host": "samikkoolearn.table.core.windows.net",
            "primary_table_microsoft_endpoint": "",
            "primary_table_microsoft_host": "",
            "primary_web_endpoint": "https://samikkoolearn.z1.web.core.windows.net/",
            "primary_web_host": "samikkoolearn.z1.web.core.windows.net",
            "primary_web_internet_endpoint": "",
            "primary_web_internet_host": "",
            "primary_web_microsoft_endpoint": "",
            "primary_web_microsoft_host": "",
            "public_network_access_enabled": true,
            "queue_encryption_key_type": "Service",
            "queue_properties": [
              {
                "cors_rule": [],
                "hour_metrics": [
                  {
                    "enabled": true,
                    "include_apis": true,
                    "retention_policy_days": 7,
                    "version": "1.0"
                  }
                ],
                "logging": [
                  {
                    "delete": false,
                    "read": false,
                    "retention_policy_days": 0,
                    "version": "1.0",
                    "write": false
                  }
                ],
                "minute_metrics": [
                  {
                    "enabled": false,
                    "include_apis": false,
                    "retention_policy_days": 0,
                    "version": "1.0"
                  }
                ]
              }
            ],
            "resource_group_name": "rg-mikko-olearn",
            "routing": [],
            "sas_policy": [],
            "secondary_access_key": "IBtaZThs0UTWmdYL4jBN1SmBOk4aeqEWC92/yJ9OKPOUD7OU+Opii8g9YiU2iDiJH5ZJ6f2lEpOh+ASti2riLQ==",
            "secondary_blob_connection_string": "",
            "secondary_blob_endpoint": "",
            "secondary_blob_host": "",
            "secondary_blob_internet_endpoint": "",
            "secondary_blob_internet_host": "",
            "secondary_blob_microsoft_endpoint": "",
            "secondary_blob_microsoft_host": "",
            "secondary_connection_string": "DefaultEndpointsProtocol=https;AccountName=samikkoolearn;AccountKey=IBtaZThs0UTWmdYL4jBN1SmBOk4aeqEWC92/yJ9OKPOUD7OU+Opii8g9YiU2iDiJH5ZJ6f2lEpOh+ASti2riLQ==;EndpointSuffix=core.windows.net",
            "secondary_dfs_endpoint": "",
            "secondary_dfs_host": "",
            "secondary_dfs_internet_endpoint": "",
            "secondary_dfs_internet_host": "",
            "secondary_dfs_microsoft_endpoint": "",
            "secondary_dfs_microsoft_host": "",
            "secondary_file_endpoint": "",
            "secondary_file_host": "",
            "secondary_file_internet_endpoint": "",
            "secondary_file_internet_host": "",
            "secondary_file_microsoft_endpoint": "",
            "secondary_file_microsoft_host": "",
            "secondary_location": "",
            "secondary_queue_endpoint": "",
            "secondary_queue_host": "",
            "secondary_queue_microsoft_endpoint": "",
            "secondary_queue_microsoft_host": "",
            "secondary_table_endpoint": "",
            "secondary_table_host": "",
            "secondary_table_microsoft_endpoint": "",
            "secondary_table_microsoft_host": "",
            "secondary_web_endpoint": "",
            "secondary_web_host": "",
            "secondary_web_internet_endpoint": "",
            "secondary_web_internet_host": "",
            "secondary_web_microsoft_endpoint": "",
            "secondary_web_microsoft_host": "",
            "sftp_enabled": false,
            "share_properties": [
              {
                "cors_rule": [],
                "retention_policy": [
                  {
                    "days": 7
                  }
                ],
                "smb": []
              }
            ],
            "shared_access_key_enabled": true,
            "static_website": [],
            "table_encryption_key_type": "Service",
            "tags": {
              "CostCenter": "1020",
              "Course": "TT00CC66-3002",
              "Environment": "student",
              "Owner": "KAMK"
            },
            "timeouts": null
          },
          "sensitive_attributes": [
            [
              {
                "type": "get_attr",
                "value": "primary_access_key"
              }
            ],
            [
              {
                "type": "get_attr",
                "value": "primary_blob_connection_string"
              }
            ],
            [
              {
                "type": "get_attr",
                "value": "secondary_access_key"
              }
            ],
            [
              {
                "type": "get_attr",
                "value": "secondary_connection_string"
              }
            ],
            [
              {
                "type": "get_attr",
                "value": "primary_connection_string"
              }
            ],
            [
              {
                "type": "get_attr",
                "value": "secondary_blob_connection_string"
              }
            ]
          ],
          "private": "eyJlMmJmYjczMC1lY2FhLTExZTYtOGY4OC0zNDM2M2JjN2M0YzAiOnsiY3JlYXRlIjozNjAwMDAwMDAwMDAwLCJkZWxldGUiOjM2MDAwMDAwMDAwMDAsInJlYWQiOjMwMDAwMDAwMDAwMCwidXBkYXRlIjozNjAwMDAwMDAwMDAwfSwic2NoZW1hX3ZlcnNpb24iOiI0In0=",
          "dependencies": [
            "azurerm_resource_group.olearn"
          ]
        }
      ]
    },
    {
      "mode": "managed",
      "type": "azurerm_storage_blob",
      "name": "dataset",
      "provider": "provider[\"registry.terraform.io/hashicorp/azurerm\"]",
      "instances": [
        {
          "schema_version": 1,
          "attributes": {
            "access_tier": "Hot",
            "cache_control": "",
            "content_md5": "",
            "content_type": "application/octet-stream",
            "encryption_scope": "",
            "id": "https://samikkoolearn.blob.core.windows.net/st-mikko-olearn/datasets/val_data.zip",
            "metadata": {},
            "name": "datasets/val_data.zip",
            "parallelism": 8,
            "size": 0,
            "source": "../../../src/azurite_populate/val_data.zip",
            "source_content": null,
            "source_uri": null,
            "storage_account_name": "samikkoolearn",
            "storage_container_name": "st-mikko-olearn",
            "timeouts": null,
            "type": "Block",
            "url": "https://samikkoolearn.blob.core.windows.net/st-mikko-olearn/datasets/val_data.zip"
          },
          "sensitive_attributes": [],
          "private": "eyJlMmJmYjczMC1lY2FhLTExZTYtOGY4OC0zNDM2M2JjN2M0YzAiOnsiY3JlYXRlIjoxODAwMDAwMDAwMDAwLCJkZWxldGUiOjE4MDAwMDAwMDAwMDAsInJlYWQiOjMwMDAwMDAwMDAwMCwidXBkYXRlIjoxODAwMDAwMDAwMDAwfSwic2NoZW1hX3ZlcnNpb24iOiIxIn0=",
          "dependencies": [
            "azurerm_resource_group.olearn",
            "azurerm_storage_account.olearn",
            "azurerm_storage_container.olearn"
          ]
        }
      ]
    },
    {
      "mode": "managed",
      "type": "azurerm_storage_blob",
      "name": "model",
      "provider": "provider[\"registry.terraform.io/hashicorp/azurerm\"]",
      "instances": [
        {
          "schema_version": 1,
          "attributes": {
            "access_tier": "Hot",
            "cache_control": "",
            "content_md5": "",
            "content_type": "application/octet-stream",
            "encryption_scope": "",
            "id": "https://samikkoolearn.blob.core.windows.net/st-mikko-olearn/models/flowersmodel_1234567890.keras",
            "metadata": {},
            "name": "models/flowersmodel_1234567890.keras",
            "parallelism": 8,
            "size": 0,
            "source": "../../../src/azurite_populate/flowersmodel_1234567890.keras",
            "source_content": null,
            "source_uri": null,
            "storage_account_name": "samikkoolearn",
            "storage_container_name": "st-mikko-olearn",
            "timeouts": null,
            "type": "Block",
            "url": "https://samikkoolearn.blob.core.windows.net/st-mikko-olearn/models/flowersmodel_1234567890.keras"
          },
          "sensitive_attributes": [],
          "private": "eyJlMmJmYjczMC1lY2FhLTExZTYtOGY4OC0zNDM2M2JjN2M0YzAiOnsiY3JlYXRlIjoxODAwMDAwMDAwMDAwLCJkZWxldGUiOjE4MDAwMDAwMDAwMDAsInJlYWQiOjMwMDAwMDAwMDAwMCwidXBkYXRlIjoxODAwMDAwMDAwMDAwfSwic2NoZW1hX3ZlcnNpb24iOiIxIn0=",
          "dependencies": [
            "azurerm_resource_group.olearn",
            "azurerm_storage_account.olearn",
            "azurerm_storage_container.olearn"
          ]
        }
      ]
    },
    {
      "mode": "managed",
      "type": "azurerm_storage_container",
      "name": "olearn",
      "provider": "provider[\"registry.terraform.io/hashicorp/azurerm\"]",
      "instances": [
        {
          "schema_version": 1,
          "attributes": {
            "container_access_type": "private",
            "default_encryption_scope": "$account-encryption-key",
            "encryption_scope_override_enabled": true,
            "has_immutability_policy": false,
            "has_legal_hold": false,
            "id": "https://samikkoolearn.blob.core.windows.net/st-mikko-olearn",
            "metadata": {},
            "name": "st-mikko-olearn",
            "resource_manager_id": "/subscriptions/a012e51c-025b-49cd-a3f6-0fb389f009d1/resourceGroups/rg-mikko-olearn/providers/Microsoft.Storage/storageAccounts/samikkoolearn/blobServices/default/containers/st-mikko-olearn",
            "storage_account_name": "samikkoolearn",
            "timeouts": null
          },
          "sensitive_attributes": [],
          "private": "eyJlMmJmYjczMC1lY2FhLTExZTYtOGY4OC0zNDM2M2JjN2M0YzAiOnsiY3JlYXRlIjoxODAwMDAwMDAwMDAwLCJkZWxldGUiOjE4MDAwMDAwMDAwMDAsInJlYWQiOjMwMDAwMDAwMDAwMCwidXBkYXRlIjoxODAwMDAwMDAwMDAwfSwic2NoZW1hX3ZlcnNpb24iOiIxIn0=",
          "dependencies": [
            "azurerm_resource_group.olearn",
            "azurerm_storage_account.olearn"
          ]
        }
      ]
    },
    {
      "mode": "managed",
      "type": "azurerm_storage_queue",
      "name": "olearn",
      "provider": "provider[\"registry.terraform.io/hashicorp/azurerm\"]",
      "instances": [
        {
          "schema_version": 1,
          "attributes": {
            "id": "https://samikkoolearn.queue.core.windows.net/sq-mikko-olearn",
            "metadata": null,
            "name": "sq-mikko-olearn",
            "resource_manager_id": "/subscriptions/a012e51c-025b-49cd-a3f6-0fb389f009d1/resourceGroups/rg-mikko-olearn/providers/Microsoft.Storage/storageAccounts/samikkoolearn/queueServices/default/queues/sq-mikko-olearn",
            "storage_account_name": "samikkoolearn",
            "timeouts": null
          },
          "sensitive_attributes": [],
          "private": "eyJlMmJmYjczMC1lY2FhLTExZTYtOGY4OC0zNDM2M2JjN2M0YzAiOnsiY3JlYXRlIjoxODAwMDAwMDAwMDAwLCJkZWxldGUiOjE4MDAwMDAwMDAwMDAsInJlYWQiOjMwMDAwMDAwMDAwMCwidXBkYXRlIjoxODAwMDAwMDAwMDAwfSwic2NoZW1hX3ZlcnNpb24iOiIxIn0=",
          "dependencies": [
            "azurerm_resource_group.olearn",
            "azurerm_storage_account.olearn"
          ]
        }
      ]
    }
  ],
  "check_results": null
}
